
Microsoft Visual Studio Solution File, Format Version 12.00
# Visual Studio 15
VisualStudioVersion = 15.0.26228.16
MinimumVisualStudioVersion = 10.0.40219.1
Project("{FAE04EC0-301F-11D3-BF4B-00C04F79EFBC}") = "FirstLight.Android", "FirstLight\FirstLight.Android\FirstLight.Android.csproj", "{DD2E9604-F819-4A1B-AA00-F69BE0616607}"
EndProject
Project("{FAE04EC0-301F-11D3-BF4B-00C04F79EFBC}") = "FirstLight", "FirstLight\FirstLight\FirstLight.csproj", "{F6B20749-CEBA-4BF8-A0F1-CD24D4036227}"
EndProject
Project("{FAE04EC0-301F-11D3-BF4B-00C04F79EFBC}") = "FirstLight.iOS", "FirstLight\FirstLight.iOS\FirstLight.iOS.csproj", "{789DD7ED-5CB0-4431-BAB6-DA400E5BF627}"
EndProject
Global
	GlobalSection(SolutionConfigurationPlatforms) = preSolution
		Ad-Hoc|Any CPU = Ad-Hoc|Any CPU
		Ad-Hoc|iPhone = Ad-Hoc|iPhone
		Ad-Hoc|iPhoneSimulator = Ad-Hoc|iPhoneSimulator
		AppStore|Any CPU = AppStore|Any CPU
		AppStore|iPhone = AppStore|iPhone
		AppStore|iPhoneSimulator = AppStore|iPhoneSimulator
		Debug|Any CPU = Debug|Any CPU
		Debug|iPhone = Debug|iPhone
		Debug|iPhoneSimulator = Debug|iPhoneSimulator
		Release|Any CPU = Release|Any CPU
		Release|iPhone = Release|iPhone
		Release|iPhoneSimulator = Release|iPhoneSimulator
	EndGlobalSection
	GlobalSection(ProjectConfigurationPlatforms) = postSolution
		{DD2E9604-F819-4A1B-AA00-F69BE0616607}.Ad-Hoc|Any CPU.ActiveCfg = Release|Any CPU
		{DD2E9604-F819-4A1B-AA00-F69BE0616607}.Ad-Hoc|Any CPU.Build.0 = Release|Any CPU
		{DD2E9604-F819-4A1B-AA00-F69BE0616607}.Ad-Hoc|Any CPU.Deploy.0 = Release|Any CPU
		{DD2E9604-F819-4A1B-AA00-F69BE0616607}.Ad-Hoc|iPhone.ActiveCfg = Release|Any CPU
		{DD2E9604-F819-4A1B-AA00-F69BE0616607}.Ad-Hoc|iPhone.Build.0 = Release|Any CPU
		{DD2E9604-F819-4A1B-AA00-F69BE0616607}.Ad-Hoc|iPhone.Deploy.0 = Release|Any CPU
		{DD2E9604-F819-4A1B-AA00-F69BE0616607}.Ad-Hoc|iPhoneSimulator.ActiveCfg = Release|Any CPU
		{DD2E9604-F819-4A1B-AA00-F69BE0616607}.Ad-Hoc|iPhoneSimulator.Build.0 = Release|Any CPU
		{DD2E9604-F819-4A1B-AA00-F69BE0616607}.Ad-Hoc|iPhoneSimulator.Deploy.0 = Release|Any CPU
		{DD2E9604-F819-4A1B-AA00-F69BE0616607}.AppStore|Any CPU.ActiveCfg = Release|Any CPU
		{DD2E9604-F819-4A1B-AA00-F69BE0616607}.AppStore|Any CPU.Build.0 = Release|Any CPU
		{DD2E9604-F819-4A1B-AA00-F69BE0616607}.AppStore|Any CPU.Deploy.0 = Release|Any CPU
		{DD2E9604-F819-4A1B-AA00-F69BE0616607}.AppStore|iPhone.ActiveCfg = Release|Any CPU
		{DD2E9604-F819-4A1B-AA00-F69BE0616607}.AppStore|iPhone.Build.0 = Release|Any CPU
		{DD2E9604-F819-4A1B-AA00-F69BE0616607}.AppStore|iPhone.Deploy.0 = Release|Any CPU
		{DD2E9604-F819-4A1B-AA00-F69BE0616607}.AppStore|iPhoneSimulator.ActiveCfg = Release|Any CPU
		{DD2E9604-F819-4A1B-AA00-F69BE0616607}.AppStore|iPhoneSimulator.Build.0 = Release|Any CPU
		{DD2E9604-F819-4A1B-AA00-F69BE0616607}.AppStore|iPhoneSimulator.Deploy.0 = Release|Any CPU
		{DD2E9604-F819-4A1B-AA00-F69BE0616607}.Debug|Any CPU.ActiveCfg = Debug|Any CPU
		{DD2E9604-F819-4A1B-AA00-F69BE0616607}.Debug|Any CPU.Build.0 = Debug|Any CPU
		{DD2E9604-F819-4A1B-AA00-F69BE0616607}.Debug|Any CPU.Deploy.0 = Debug|Any CPU
		{DD2E9604-F819-4A1B-AA00-F69BE0616607}.Debug|iPhone.ActiveCfg = Debug|Any CPU
		{DD2E9604-F819-4A1B-AA00-F69BE0616607}.Debug|iPhone.Build.0 = Debug|Any CPU
		{DD2E9604-F819-4A1B-AA00-F69BE0616607}.Debug|iPhone.Deploy.0 = Debug|Any CPU
		{DD2E9604-F819-4A1B-AA00-F69BE0616607}.Debug|iPhoneSimulator.ActiveCfg = Debug|Any CPU
		{DD2E9604-F819-4A1B-AA00-F69BE0616607}.Debug|iPhoneSimulator.Build.0 = Debug|Any CPU
		{DD2E9604-F819-4A1B-AA00-F69BE0616607}.Debug|iPhoneSimulator.Deploy.0 = Debug|Any CPU
		{DD2E9604-F819-4A1B-AA00-F69BE0616607}.Release|Any CPU.ActiveCfg = Release|Any CPU
		{DD2E9604-F819-4A1B-AA00-F69BE0616607}.Release|Any CPU.Build.0 = Release|Any CPU
		{DD2E9604-F819-4A1B-AA00-F69BE0616607}.Release|Any CPU.Deploy.0 = Release|Any CPU
		{DD2E9604-F819-4A1B-AA00-F69BE0616607}.Release|iPhone.ActiveCfg = Release|Any CPU
		{DD2E9604-F819-4A1B-AA00-F69BE0616607}.Release|iPhone.Build.0 = Release|Any CPU
		{DD2E9604-F819-4A1B-AA00-F69BE0616607}.Release|iPhone.Deploy.0 = Release|Any CPU
		{DD2E9604-F819-4A1B-AA00-F69BE0616607}.Release|iPhoneSimulator.ActiveCfg = Release|Any CPU
		{DD2E9604-F819-4A1B-AA00-F69BE0616607}.Release|iPhoneSimulator.Build.0 = Release|Any CPU
		{DD2E9604-F819-4A1B-AA00-F69BE0616607}.Release|iPhoneSimulator.Deploy.0 = Release|Any CPU
		{F6B20749-CEBA-4BF8-A0F1-CD24D4036227}.Ad-Hoc|Any CPU.ActiveCfg = Release|Any CPU
		{F6B20749-CEBA-4BF8-A0F1-CD24D4036227}.Ad-Hoc|Any CPU.Build.0 = Release|Any CPU
		{F6B20749-CEBA-4BF8-A0F1-CD24D4036227}.Ad-Hoc|iPhone.ActiveCfg = Release|Any CPU
		{F6B20749-CEBA-4BF8-A0F1-CD24D4036227}.Ad-Hoc|iPhone.Build.0 = Release|Any CPU
		{F6B20749-CEBA-4BF8-A0F1-CD24D4036227}.Ad-Hoc|iPhoneSimulator.ActiveCfg = Release|Any CPU
		{F6B20749-CEBA-4BF8-A0F1-CD24D4036227}.Ad-Hoc|iPhoneSimulator.Build.0 = Release|Any CPU
		{F6B20749-CEBA-4BF8-A0F1-CD24D4036227}.AppStore|Any CPU.ActiveCfg = Release|Any CPU
		{F6B20749-CEBA-4BF8-A0F1-CD24D4036227}.AppStore|Any CPU.Build.0 = Release|Any CPU
		{F6B20749-CEBA-4BF8-A0F1-CD24D4036227}.AppStore|iPhone.ActiveCfg = Release|Any CPU
		{F6B20749-CEBA-4BF8-A0F1-CD24D4036227}.AppStore|iPhone.Build.0 = Release|Any CPU
		{F6B20749-CEBA-4BF8-A0F1-CD24D4036227}.AppStore|iPhoneSimulator.ActiveCfg = Release|Any CPU
		{F6B20749-CEBA-4BF8-A0F1-CD24D4036227}.AppStore|iPhoneSimulator.Build.0 = Release|Any CPU
		{F6B20749-CEBA-4BF8-A0F1-CD24D4036227}.Debug|Any CPU.ActiveCfg = Debug|Any CPU
		{F6B20749-CEBA-4BF8-A0F1-CD24D4036227}.Debug|Any CPU.Build.0 = Debug|Any CPU
		{F6B20749-CEBA-4BF8-A0F1-CD24D4036227}.Debug|iPhone.ActiveCfg = Debug|Any CPU
		{F6B20749-CEBA-4BF8-A0F1-CD24D4036227}.Debug|iPhone.Build.0 = Debug|Any CPU
		{F6B20749-CEBA-4BF8-A0F1-CD24D4036227}.Debug|iPhoneSimulator.ActiveCfg = Debug|Any CPU
		{F6B20749-CEBA-4BF8-A0F1-CD24D4036227}.Debug|iPhoneSimulator.Build.0 = Debug|Any CPU
		{F6B20749-CEBA-4BF8-A0F1-CD24D4036227}.Release|Any CPU.ActiveCfg = Release|Any CPU
		{F6B20749-CEBA-4BF8-A0F1-CD24D4036227}.Release|Any CPU.Build.0 = Release|Any CPU
		{F6B20749-CEBA-4BF8-A0F1-CD24D4036227}.Release|iPhone.ActiveCfg = Release|Any CPU
		{F6B20749-CEBA-4BF8-A0F1-CD24D4036227}.Release|iPhone.Build.0 = Release|Any CPU
		{F6B20749-CEBA-4BF8-A0F1-CD24D4036227}.Release|iPhoneSimulator.ActiveCfg = Release|Any CPU
		{F6B20749-CEBA-4BF8-A0F1-CD24D4036227}.Release|iPhoneSimulator.Build.0 = Release|Any CPU
		{789DD7ED-5CB0-4431-BAB6-DA400E5BF627}.Ad-Hoc|Any CPU.ActiveCfg = Ad-Hoc|iPhone
		{789DD7ED-5CB0-4431-BAB6-DA400E5BF627}.Ad-Hoc|iPhone.ActiveCfg = Ad-Hoc|iPhone
		{789DD7ED-5CB0-4431-BAB6-DA400E5BF627}.Ad-Hoc|iPhone.Build.0 = Ad-Hoc|iPhone
		{789DD7ED-5CB0-4431-BAB6-DA400E5BF627}.Ad-Hoc|iPhoneSimulator.ActiveCfg = Ad-Hoc|iPhoneSimulator
		{789DD7ED-5CB0-4431-BAB6-DA400E5BF627}.Ad-Hoc|iPhoneSimulator.Build.0 = Ad-Hoc|iPhoneSimulator
		{789DD7ED-5CB0-4431-BAB6-DA400E5BF627}.AppStore|Any CPU.ActiveCfg = AppStore|iPhone
		{789DD7ED-5CB0-4431-BAB6-DA400E5BF627}.AppStore|iPhone.ActiveCfg = AppStore|iPhone
		{789DD7ED-5CB0-4431-BAB6-DA400E5BF627}.AppStore|iPhone.Build.0 = AppStore|iPhone
		{789DD7ED-5CB0-4431-BAB6-DA400E5BF627}.AppStore|iPhoneSimulator.ActiveCfg = AppStore|iPhoneSimulator
		{789DD7ED-5CB0-4431-BAB6-DA400E5BF627}.AppStore|iPhoneSimulator.Build.0 = AppStore|iPhoneSimulator
		{789DD7ED-5CB0-4431-BAB6-DA400E5BF627}.Debug|Any CPU.ActiveCfg = Debug|iPhone
		{789DD7ED-5CB0-4431-BAB6-DA400E5BF627}.Debug|iPhone.ActiveCfg = Debug|iPhone
		{789DD7ED-5CB0-4431-BAB6-DA400E5BF627}.Debug|iPhone.Build.0 = Debug|iPhone
		{789DD7ED-5CB0-4431-BAB6-DA400E5BF627}.Debug|iPhoneSimulator.ActiveCfg = Debug|iPhoneSimulator
		{789DD7ED-5CB0-4431-BAB6-DA400E5BF627}.Debug|iPhoneSimulator.Build.0 = Debug|iPhoneSimulator
		{789DD7ED-5CB0-4431-BAB6-DA400E5BF627}.Release|Any CPU.ActiveCfg = Release|iPhone
		{789DD7ED-5CB0-4431-BAB6-DA400E5BF627}.Release|iPhone.ActiveCfg = Release|iPhone
		{789DD7ED-5CB0-4431-BAB6-DA400E5BF627}.Release|iPhone.Build.0 = Release|iPhone
		{789DD7ED-5CB0-4431-BAB6-DA400E5BF627}.Release|iPhoneSimulator.ActiveCfg = Release|iPhoneSimulator
		{789DD7ED-5CB0-4431-BAB6-DA400E5BF627}.Release|iPhoneSimulator.Build.0 = Release|iPhoneSimulator
	EndGlobalSection
	GlobalSection(SolutionProperties) = preSolution
		HideSolutionNode = FALSE
	EndGlobalSection
EndGlobal
